// !$*UTF8*$!
{
	archiveVersion = 1;
	classes = {
	};
	objectVersion = 51;
	objects = {

/* Begin PBXBuildFile section */
		3764CA9A852BBDB1B9638B6A /* Pods_orderFood.framework in Frameworks */ = {isa = PBXBuildFile; fileRef = 569EA737D780632F9F4A0B97 /* Pods_orderFood.framework */; };
		9E78ECF82314F5FE005C74EC /* Extension.swift in Sources */ = {isa = PBXBuildFile; fileRef = 9E78ECF72314F5FE005C74EC /* Extension.swift */; };
		9E78ED042314F62B005C74EC /* UIPageController.swift in Sources */ = {isa = PBXBuildFile; fileRef = 9E78ECFB2314F62A005C74EC /* UIPageController.swift */; };
		9E78ED052314F62B005C74EC /* UISearch.swift in Sources */ = {isa = PBXBuildFile; fileRef = 9E78ECFC2314F62A005C74EC /* UISearch.swift */; };
		9E78ED062314F62B005C74EC /* UIView.swift in Sources */ = {isa = PBXBuildFile; fileRef = 9E78ECFD2314F62A005C74EC /* UIView.swift */; };
		9E78ED072314F62B005C74EC /* UIScrollView.swift in Sources */ = {isa = PBXBuildFile; fileRef = 9E78ECFE2314F62A005C74EC /* UIScrollView.swift */; };
		9E78ED082314F62B005C74EC /* UITextFeild.swift in Sources */ = {isa = PBXBuildFile; fileRef = 9E78ECFF2314F62A005C74EC /* UITextFeild.swift */; };
		9E78ED092314F62B005C74EC /* UIButton.swift in Sources */ = {isa = PBXBuildFile; fileRef = 9E78ED002314F62A005C74EC /* UIButton.swift */; };
		9E78ED0A2314F62B005C74EC /* UILabel.swift in Sources */ = {isa = PBXBuildFile; fileRef = 9E78ED012314F62B005C74EC /* UILabel.swift */; };
		9E78ED0B2314F62B005C74EC /* UIStackView.swift in Sources */ = {isa = PBXBuildFile; fileRef = 9E78ED022314F62B005C74EC /* UIStackView.swift */; };
		9E78ED0C2314F62B005C74EC /* UIImageView.swift in Sources */ = {isa = PBXBuildFile; fileRef = 9E78ED032314F62B005C74EC /* UIImageView.swift */; };
		9E78ED0E23150DC0005C74EC /* SignUpViewController.swift in Sources */ = {isa = PBXBuildFile; fileRef = 9E78ED0D23150DC0005C74EC /* SignUpViewController.swift */; };
		9E78ED1123152FE7005C74EC /* ListViewController.swift in Sources */ = {isa = PBXBuildFile; fileRef = 9E78ED1023152FE7005C74EC /* ListViewController.swift */; };
		9E78ED132315302B005C74EC /* LocationManager.swift in Sources */ = {isa = PBXBuildFile; fileRef = 9E78ED122315302B005C74EC /* LocationManager.swift */; };
		9E78ED15231530AD005C74EC /* Reachability.swift in Sources */ = {isa = PBXBuildFile; fileRef = 9E78ED14231530AD005C74EC /* Reachability.swift */; };
		9E78ED1723154412005C74EC /* Model.swift in Sources */ = {isa = PBXBuildFile; fileRef = 9E78ED1623154412005C74EC /* Model.swift */; };
		9E78ED1923154893005C74EC /* NotificationTableViewCell.swift in Sources */ = {isa = PBXBuildFile; fileRef = 9E78ED1823154893005C74EC /* NotificationTableViewCell.swift */; };
		9E78ED1F23154A27005C74EC /* CustomLabel.swift in Sources */ = {isa = PBXBuildFile; fileRef = 9E78ED1E23154A27005C74EC /* CustomLabel.swift */; };
		9E78ED2C23155410005C74EC /* UIImage+AspectFit.swift in Sources */ = {isa = PBXBuildFile; fileRef = 9E78ED2123155410005C74EC /* UIImage+AspectFit.swift */; };
		9E78ED2D23155410005C74EC /* UIImageView+Tools.swift in Sources */ = {isa = PBXBuildFile; fileRef = 9E78ED2223155410005C74EC /* UIImageView+Tools.swift */; };
		9E78ED2E23155410005C74EC /* ImageSlideshowItem.swift in Sources */ = {isa = PBXBuildFile; fileRef = 9E78ED2323155410005C74EC /* ImageSlideshowItem.swift */; };
		9E78ED2F23155410005C74EC /* ActivityIndicator.swift in Sources */ = {isa = PBXBuildFile; fileRef = 9E78ED2423155410005C74EC /* ActivityIndicator.swift */; };
		9E78ED3023155410005C74EC /* ImageSlideshow.swift in Sources */ = {isa = PBXBuildFile; fileRef = 9E78ED2523155410005C74EC /* ImageSlideshow.swift */; };
		9E78ED3123155410005C74EC /* PageIndicatorPosition.swift in Sources */ = {isa = PBXBuildFile; fileRef = 9E78ED2623155410005C74EC /* PageIndicatorPosition.swift */; };
		9E78ED3223155410005C74EC /* FullScreenSlideshowViewController.swift in Sources */ = {isa = PBXBuildFile; fileRef = 9E78ED2723155410005C74EC /* FullScreenSlideshowViewController.swift */; };
		9E78ED3323155410005C74EC /* SwiftSupport.swift in Sources */ = {isa = PBXBuildFile; fileRef = 9E78ED2823155410005C74EC /* SwiftSupport.swift */; };
		9E78ED3423155410005C74EC /* InputSource.swift in Sources */ = {isa = PBXBuildFile; fileRef = 9E78ED2923155410005C74EC /* InputSource.swift */; };
		9E78ED3523155410005C74EC /* PageIndicator.swift in Sources */ = {isa = PBXBuildFile; fileRef = 9E78ED2A23155410005C74EC /* PageIndicator.swift */; };
		9E78ED3623155410005C74EC /* ZoomAnimatedTransitioning.swift in Sources */ = {isa = PBXBuildFile; fileRef = 9E78ED2B23155410005C74EC /* ZoomAnimatedTransitioning.swift */; };
		9E78ED382315761E005C74EC /* CartAccountViewController.swift in Sources */ = {isa = PBXBuildFile; fileRef = 9E78ED372315761E005C74EC /* CartAccountViewController.swift */; };
		9EB8D6252314EA2600F75076 /* AppDelegate.swift in Sources */ = {isa = PBXBuildFile; fileRef = 9EB8D6242314EA2600F75076 /* AppDelegate.swift */; };
		9EB8D6272314EA2600F75076 /* LoginViewController.swift in Sources */ = {isa = PBXBuildFile; fileRef = 9EB8D6262314EA2600F75076 /* LoginViewController.swift */; };
		9EB8D62D2314EA2600F75076 /* orderFood.xcdatamodeld in Sources */ = {isa = PBXBuildFile; fileRef = 9EB8D62B2314EA2600F75076 /* orderFood.xcdatamodeld */; };
		9EB8D62F2314EA4100F75076 /* Assets.xcassets in Resources */ = {isa = PBXBuildFile; fileRef = 9EB8D62E2314EA4100F75076 /* Assets.xcassets */; };
		9EB8D6322314EA4100F75076 /* LaunchScreen.storyboard in Resources */ = {isa = PBXBuildFile; fileRef = 9EB8D6302314EA4100F75076 /* LaunchScreen.storyboard */; };
/* End PBXBuildFile section */

/* Begin PBXFileReference section */
		569EA737D780632F9F4A0B97 /* Pods_orderFood.framework */ = {isa = PBXFileReference; explicitFileType = wrapper.framework; includeInIndex = 0; path = Pods_orderFood.framework; sourceTree = BUILT_PRODUCTS_DIR; };
		9E4016155CCDB7EC2FF45E65 /* Pods-orderFood.release.xcconfig */ = {isa = PBXFileReference; includeInIndex = 1; lastKnownFileType = text.xcconfig; name = "Pods-orderFood.release.xcconfig"; path = "Target Support Files/Pods-orderFood/Pods-orderFood.release.xcconfig"; sourceTree = "<group>"; };
		9E78ECF72314F5FE005C74EC /* Extension.swift */ = {isa = PBXFileReference; fileEncoding = 4; lastKnownFileType = sourcecode.swift; path = Extension.swift; sourceTree = "<group>"; };
		9E78ECFB2314F62A005C74EC /* UIPageController.swift */ = {isa = PBXFileReference; fileEncoding = 4; lastKnownFileType = sourcecode.swift; path = UIPageController.swift; sourceTree = "<group>"; };
		9E78ECFC2314F62A005C74EC /* UISearch.swift */ = {isa = PBXFileReference; fileEncoding = 4; lastKnownFileType = sourcecode.swift; path = UISearch.swift; sourceTree = "<group>"; };
		9E78ECFD2314F62A005C74EC /* UIView.swift */ = {isa = PBXFileReference; fileEncoding = 4; lastKnownFileType = sourcecode.swift; path = UIView.swift; sourceTree = "<group>"; };
		9E78ECFE2314F62A005C74EC /* UIScrollView.swift */ = {isa = PBXFileReference; fileEncoding = 4; lastKnownFileType = sourcecode.swift; path = UIScrollView.swift; sourceTree = "<group>"; };
		9E78ECFF2314F62A005C74EC /* UITextFeild.swift */ = {isa = PBXFileReference; fileEncoding = 4; lastKnownFileType = sourcecode.swift; path = UITextFeild.swift; sourceTree = "<group>"; };
		9E78ED002314F62A005C74EC /* UIButton.swift */ = {isa = PBXFileReference; fileEncoding = 4; lastKnownFileType = sourcecode.swift; path = UIButton.swift; sourceTree = "<group>"; };
		9E78ED012314F62B005C74EC /* UILabel.swift */ = {isa = PBXFileReference; fileEncoding = 4; lastKnownFileType = sourcecode.swift; path = UILabel.swift; sourceTree = "<group>"; };
		9E78ED022314F62B005C74EC /* UIStackView.swift */ = {isa = PBXFileReference; fileEncoding = 4; lastKnownFileType = sourcecode.swift; path = UIStackView.swift; sourceTree = "<group>"; };
		9E78ED032314F62B005C74EC /* UIImageView.swift */ = {isa = PBXFileReference; fileEncoding = 4; lastKnownFileType = sourcecode.swift; path = UIImageView.swift; sourceTree = "<group>"; };
		9E78ED0D23150DC0005C74EC /* SignUpViewController.swift */ = {isa = PBXFileReference; lastKnownFileType = sourcecode.swift; path = SignUpViewController.swift; sourceTree = "<group>"; };
		9E78ED1023152FE7005C74EC /* ListViewController.swift */ = {isa = PBXFileReference; lastKnownFileType = sourcecode.swift; path = ListViewController.swift; sourceTree = "<group>"; };
		9E78ED122315302B005C74EC /* LocationManager.swift */ = {isa = PBXFileReference; fileEncoding = 4; lastKnownFileType = sourcecode.swift; path = LocationManager.swift; sourceTree = "<group>"; };
		9E78ED14231530AD005C74EC /* Reachability.swift */ = {isa = PBXFileReference; fileEncoding = 4; lastKnownFileType = sourcecode.swift; path = Reachability.swift; sourceTree = "<group>"; };
		9E78ED1623154412005C74EC /* Model.swift */ = {isa = PBXFileReference; lastKnownFileType = sourcecode.swift; path = Model.swift; sourceTree = "<group>"; };
		9E78ED1823154893005C74EC /* NotificationTableViewCell.swift */ = {isa = PBXFileReference; fileEncoding = 4; lastKnownFileType = sourcecode.swift; path = NotificationTableViewCell.swift; sourceTree = "<group>"; };
		9E78ED1E23154A27005C74EC /* CustomLabel.swift */ = {isa = PBXFileReference; fileEncoding = 4; lastKnownFileType = sourcecode.swift; path = CustomLabel.swift; sourceTree = "<group>"; };
		9E78ED2123155410005C74EC /* UIImage+AspectFit.swift */ = {isa = PBXFileReference; fileEncoding = 4; lastKnownFileType = sourcecode.swift; path = "UIImage+AspectFit.swift"; sourceTree = "<group>"; };
		9E78ED2223155410005C74EC /* UIImageView+Tools.swift */ = {isa = PBXFileReference; fileEncoding = 4; lastKnownFileType = sourcecode.swift; path = "UIImageView+Tools.swift"; sourceTree = "<group>"; };
		9E78ED2323155410005C74EC /* ImageSlideshowItem.swift */ = {isa = PBXFileReference; fileEncoding = 4; lastKnownFileType = sourcecode.swift; path = ImageSlideshowItem.swift; sourceTree = "<group>"; };
		9E78ED2423155410005C74EC /* ActivityIndicator.swift */ = {isa = PBXFileReference; fileEncoding = 4; lastKnownFileType = sourcecode.swift; path = ActivityIndicator.swift; sourceTree = "<group>"; };
		9E78ED2523155410005C74EC /* ImageSlideshow.swift */ = {isa = PBXFileReference; fileEncoding = 4; lastKnownFileType = sourcecode.swift; path = ImageSlideshow.swift; sourceTree = "<group>"; };
		9E78ED2623155410005C74EC /* PageIndicatorPosition.swift */ = {isa = PBXFileReference; fileEncoding = 4; lastKnownFileType = sourcecode.swift; path = PageIndicatorPosition.swift; sourceTree = "<group>"; };
		9E78ED2723155410005C74EC /* FullScreenSlideshowViewController.swift */ = {isa = PBXFileReference; fileEncoding = 4; lastKnownFileType = sourcecode.swift; path = FullScreenSlideshowViewController.swift; sourceTree = "<group>"; };
		9E78ED2823155410005C74EC /* SwiftSupport.swift */ = {isa = PBXFileReference; fileEncoding = 4; lastKnownFileType = sourcecode.swift; path = SwiftSupport.swift; sourceTree = "<group>"; };
		9E78ED2923155410005C74EC /* InputSource.swift */ = {isa = PBXFileReference; fileEncoding = 4; lastKnownFileType = sourcecode.swift; path = InputSource.swift; sourceTree = "<group>"; };
		9E78ED2A23155410005C74EC /* PageIndicator.swift */ = {isa = PBXFileReference; fileEncoding = 4; lastKnownFileType = sourcecode.swift; path = PageIndicator.swift; sourceTree = "<group>"; };
		9E78ED2B23155410005C74EC /* ZoomAnimatedTransitioning.swift */ = {isa = PBXFileReference; fileEncoding = 4; lastKnownFileType = sourcecode.swift; path = ZoomAnimatedTransitioning.swift; sourceTree = "<group>"; };
		9E78ED372315761E005C74EC /* CartAccountViewController.swift */ = {isa = PBXFileReference; lastKnownFileType = sourcecode.swift; path = CartAccountViewController.swift; sourceTree = "<group>"; };
		9EB8D6212314EA2600F75076 /* orderFood.app */ = {isa = PBXFileReference; explicitFileType = wrapper.application; includeInIndex = 0; path = orderFood.app; sourceTree = BUILT_PRODUCTS_DIR; };
		9EB8D6242314EA2600F75076 /* AppDelegate.swift */ = {isa = PBXFileReference; lastKnownFileType = sourcecode.swift; path = AppDelegate.swift; sourceTree = "<group>"; };
		9EB8D6262314EA2600F75076 /* LoginViewController.swift */ = {isa = PBXFileReference; lastKnownFileType = sourcecode.swift; path = LoginViewController.swift; sourceTree = "<group>"; };
		9EB8D62C2314EA2600F75076 /* orderFood.xcdatamodel */ = {isa = PBXFileReference; lastKnownFileType = wrapper.xcdatamodel; path = orderFood.xcdatamodel; sourceTree = "<group>"; };
		9EB8D62E2314EA4100F75076 /* Assets.xcassets */ = {isa = PBXFileReference; lastKnownFileType = folder.assetcatalog; path = Assets.xcassets; sourceTree = "<group>"; };
		9EB8D6312314EA4100F75076 /* Base */ = {isa = PBXFileReference; lastKnownFileType = file.storyboard; name = Base; path = Base.lproj/LaunchScreen.storyboard; sourceTree = "<group>"; };
		9EB8D6332314EA4100F75076 /* Info.plist */ = {isa = PBXFileReference; lastKnownFileType = text.plist.xml; path = Info.plist; sourceTree = "<group>"; };
		B2F1C1CB6E34F5CF5D071139 /* Pods-orderFood.debug.xcconfig */ = {isa = PBXFileReference; includeInIndex = 1; lastKnownFileType = text.xcconfig; name = "Pods-orderFood.debug.xcconfig"; path = "Target Support Files/Pods-orderFood/Pods-orderFood.debug.xcconfig"; sourceTree = "<group>"; };
/* End PBXFileReference section */

/* Begin PBXFrameworksBuildPhase section */
		9EB8D61E2314EA2600F75076 /* Frameworks */ = {
			isa = PBXFrameworksBuildPhase;
			buildActionMask = 2147483647;
			files = (
				3764CA9A852BBDB1B9638B6A /* Pods_orderFood.framework in Frameworks */,
			);
			runOnlyForDeploymentPostprocessing = 0;
		};
/* End PBXFrameworksBuildPhase section */

/* Begin PBXGroup section */
		388919A03E65B72D65561993 /* Frameworks */ = {
			isa = PBXGroup;
			children = (
				569EA737D780632F9F4A0B97 /* Pods_orderFood.framework */,
			);
			name = Frameworks;
			sourceTree = "<group>";
		};
		4BE2B6CBC506FDF0C8E642D7 /* Pods */ = {
			isa = PBXGroup;
			children = (
				B2F1C1CB6E34F5CF5D071139 /* Pods-orderFood.debug.xcconfig */,
				9E4016155CCDB7EC2FF45E65 /* Pods-orderFood.release.xcconfig */,
			);
			path = Pods;
			sourceTree = "<group>";
		};
		9E78ECF92314F60C005C74EC /* Helper */ = {
			isa = PBXGroup;
			children = (
				9E78ED14231530AD005C74EC /* Reachability.swift */,
				9E78ED122315302B005C74EC /* LocationManager.swift */,
				9E78ECF72314F5FE005C74EC /* Extension.swift */,
				9E78ED1623154412005C74EC /* Model.swift */,
			);
			path = Helper;
			sourceTree = "<group>";
		};
		9E78ECFA2314F61C005C74EC /* UIComponents */ = {
			isa = PBXGroup;
			children = (
				9E78ED1E23154A27005C74EC /* CustomLabel.swift */,
				9E78ED002314F62A005C74EC /* UIButton.swift */,
				9E78ED032314F62B005C74EC /* UIImageView.swift */,
				9E78ED012314F62B005C74EC /* UILabel.swift */,
				9E78ECFB2314F62A005C74EC /* UIPageController.swift */,
				9E78ECFE2314F62A005C74EC /* UIScrollView.swift */,
				9E78ECFC2314F62A005C74EC /* UISearch.swift */,
				9E78ED022314F62B005C74EC /* UIStackView.swift */,
				9E78ECFF2314F62A005C74EC /* UITextFeild.swift */,
				9E78ECFD2314F62A005C74EC /* UIView.swift */,
			);
			path = UIComponents;
			sourceTree = "<group>";
		};
		9E78ED0F23152D4B005C74EC /* Controller */ = {
			isa = PBXGroup;
			children = (
				9E78ED2023155410005C74EC /* Core */,
				9EB8D6262314EA2600F75076 /* LoginViewController.swift */,
				9E78ED0D23150DC0005C74EC /* SignUpViewController.swift */,
				9E78ED1023152FE7005C74EC /* ListViewController.swift */,
				9E78ED372315761E005C74EC /* CartAccountViewController.swift */,
				9E78ED1823154893005C74EC /* NotificationTableViewCell.swift */,
			);
			path = Controller;
			sourceTree = "<group>";
		};
		9E78ED2023155410005C74EC /* Core */ = {
			isa = PBXGroup;
			children = (
				9E78ED2123155410005C74EC /* UIImage+AspectFit.swift */,
				9E78ED2223155410005C74EC /* UIImageView+Tools.swift */,
				9E78ED2323155410005C74EC /* ImageSlideshowItem.swift */,
				9E78ED2423155410005C74EC /* ActivityIndicator.swift */,
				9E78ED2523155410005C74EC /* ImageSlideshow.swift */,
				9E78ED2623155410005C74EC /* PageIndicatorPosition.swift */,
				9E78ED2723155410005C74EC /* FullScreenSlideshowViewController.swift */,
				9E78ED2823155410005C74EC /* SwiftSupport.swift */,
				9E78ED2923155410005C74EC /* InputSource.swift */,
				9E78ED2A23155410005C74EC /* PageIndicator.swift */,
				9E78ED2B23155410005C74EC /* ZoomAnimatedTransitioning.swift */,
			);
			path = Core;
			sourceTree = "<group>";
		};
		9EB8D6182314EA2600F75076 = {
			isa = PBXGroup;
			children = (
				9EB8D6232314EA2600F75076 /* orderFood */,
				9EB8D6222314EA2600F75076 /* Products */,
				4BE2B6CBC506FDF0C8E642D7 /* Pods */,
				388919A03E65B72D65561993 /* Frameworks */,
			);
			sourceTree = "<group>";
		};
		9EB8D6222314EA2600F75076 /* Products */ = {
			isa = PBXGroup;
			children = (
				9EB8D6212314EA2600F75076 /* orderFood.app */,
			);
			name = Products;
			sourceTree = "<group>";
		};
		9EB8D6232314EA2600F75076 /* orderFood */ = {
			isa = PBXGroup;
			children = (
				9EB8D6242314EA2600F75076 /* AppDelegate.swift */,
				9E78ED0F23152D4B005C74EC /* Controller */,
				9E78ECFA2314F61C005C74EC /* UIComponents */,
				9E78ECF92314F60C005C74EC /* Helper */,
				9EB8D62E2314EA4100F75076 /* Assets.xcassets */,
				9EB8D6302314EA4100F75076 /* LaunchScreen.storyboard */,
				9EB8D6332314EA4100F75076 /* Info.plist */,
				9EB8D62B2314EA2600F75076 /* orderFood.xcdatamodeld */,
			);
			path = orderFood;
			sourceTree = "<group>";
		};
/* End PBXGroup section */

/* Begin PBXNativeTarget section */
		9EB8D6202314EA2600F75076 /* orderFood */ = {
			isa = PBXNativeTarget;
			buildConfigurationList = 9EB8D6362314EA4100F75076 /* Build configuration list for PBXNativeTarget "orderFood" */;
			buildPhases = (
				F406CA91D938F8396539E5CD /* [CP] Check Pods Manifest.lock */,
				9EB8D61D2314EA2600F75076 /* Sources */,
				9EB8D61E2314EA2600F75076 /* Frameworks */,
				9EB8D61F2314EA2600F75076 /* Resources */,
				C1D233202326670DDFB7293E /* [CP] Embed Pods Frameworks */,
			);
			buildRules = (
			);
			dependencies = (
			);
			name = orderFood;
			productName = orderFood;
			productReference = 9EB8D6212314EA2600F75076 /* orderFood.app */;
			productType = "com.apple.product-type.application";
		};
/* End PBXNativeTarget section */

/* Begin PBXProject section */
		9EB8D6192314EA2600F75076 /* Project object */ = {
			isa = PBXProject;
			attributes = {
				LastSwiftUpdateCheck = 1020;
				LastUpgradeCheck = 1020;
				ORGANIZATIONNAME = AIT;
				TargetAttributes = {
					9EB8D6202314EA2600F75076 = {
						CreatedOnToolsVersion = 10.2;
					};
				};
			};
			buildConfigurationList = 9EB8D61C2314EA2600F75076 /* Build configuration list for PBXProject "orderFood" */;
			compatibilityVersion = "Xcode 9.3";
			developmentRegion = en;
			hasScannedForEncodings = 0;
			knownRegions = (
				en,
				Base,
			);
			mainGroup = 9EB8D6182314EA2600F75076;
			productRefGroup = 9EB8D6222314EA2600F75076 /* Products */;
			projectDirPath = "";
			projectRoot = "";
			targets = (
				9EB8D6202314EA2600F75076 /* orderFood */,
			);
		};
/* End PBXProject section */

/* Begin PBXResourcesBuildPhase section */
		9EB8D61F2314EA2600F75076 /* Resources */ = {
			isa = PBXResourcesBuildPhase;
			buildActionMask = 2147483647;
			files = (
				9EB8D6322314EA4100F75076 /* LaunchScreen.storyboard in Resources */,
				9EB8D62F2314EA4100F75076 /* Assets.xcassets in Resources */,
			);
			runOnlyForDeploymentPostprocessing = 0;
		};
/* End PBXResourcesBuildPhase section */

/* Begin PBXShellScriptBuildPhase section */
		C1D233202326670DDFB7293E /* [CP] Embed Pods Frameworks */ = {
			isa = PBXShellScriptBuildPhase;
			buildActionMask = 2147483647;
			files = (
			);
			inputFileListPaths = (
				"${PODS_ROOT}/Target Support Files/Pods-orderFood/Pods-orderFood-frameworks-${CONFIGURATION}-input-files.xcfilelist",
			);
			name = "[CP] Embed Pods Frameworks";
			outputFileListPaths = (
				"${PODS_ROOT}/Target Support Files/Pods-orderFood/Pods-orderFood-frameworks-${CONFIGURATION}-output-files.xcfilelist",
			);
			runOnlyForDeploymentPostprocessing = 0;
			shellPath = /bin/sh;
			shellScript = "\"${PODS_ROOT}/Target Support Files/Pods-orderFood/Pods-orderFood-frameworks.sh\"\n";
			showEnvVarsInLog = 0;
		};
		F406CA91D938F8396539E5CD /* [CP] Check Pods Manifest.lock */ = {
			isa = PBXShellScriptBuildPhase;
			buildActionMask = 2147483647;
			files = (
			);
			inputFileListPaths = (
			);
			inputPaths = (
				"${PODS_PODFILE_DIR_PATH}/Podfile.lock",
				"${PODS_ROOT}/Manifest.lock",
			);
			name = "[CP] Check Pods Manifest.lock";
			outputFileListPaths = (
			);
			outputPaths = (
				"$(DERIVED_FILE_DIR)/Pods-orderFood-checkManifestLockResult.txt",
			);
			runOnlyForDeploymentPostprocessing = 0;
			shellPath = /bin/sh;
			shellScript = "diff \"${PODS_PODFILE_DIR_PATH}/Podfile.lock\" \"${PODS_ROOT}/Manifest.lock\" > /dev/null\nif [ $? != 0 ] ; then\n    # print error to STDERR\n    echo \"error: The sandbox is not in sync with the Podfile.lock. Run 'pod install' or update your CocoaPods installation.\" >&2\n    exit 1\nfi\n# This output is used by Xcode 'outputs' to avoid re-running this script phase.\necho \"SUCCESS\" > \"${SCRIPT_OUTPUT_FILE_0}\"\n";
			showEnvVarsInLog = 0;
		};
/* End PBXShellScriptBuildPhase section */

/* Begin PBXSourcesBuildPhase section */
		9EB8D61D2314EA2600F75076 /* Sources */ = {
			isa = PBXSourcesBuildPhase;
			buildActionMask = 2147483647;
			files = (
				9E78ED2E23155410005C74EC /* ImageSlideshowItem.swift in Sources */,
				9E78ED042314F62B005C74EC /* UIPageController.swift in Sources */,
				9E78ED052314F62B005C74EC /* UISearch.swift in Sources */,
				9E78ED2D23155410005C74EC /* UIImageView+Tools.swift in Sources */,
				9E78ED2F23155410005C74EC /* ActivityIndicator.swift in Sources */,
				9E78ED3423155410005C74EC /* InputSource.swift in Sources */,
				9EB8D62D2314EA2600F75076 /* orderFood.xcdatamodeld in Sources */,
				9E78ED0C2314F62B005C74EC /* UIImageView.swift in Sources */,
				9E78ED3523155410005C74EC /* PageIndicator.swift in Sources */,
				9E78ED132315302B005C74EC /* LocationManager.swift in Sources */,
				9E78ED0A2314F62B005C74EC /* UILabel.swift in Sources */,
				9E78ED3123155410005C74EC /* PageIndicatorPosition.swift in Sources */,
				9E78ED1923154893005C74EC /* NotificationTableViewCell.swift in Sources */,
				9E78ED15231530AD005C74EC /* Reachability.swift in Sources */,
				9E78ED062314F62B005C74EC /* UIView.swift in Sources */,
				9EB8D6272314EA2600F75076 /* LoginViewController.swift in Sources */,
				9E78ED382315761E005C74EC /* CartAccountViewController.swift in Sources */,
				9E78ED1723154412005C74EC /* Model.swift in Sources */,
				9E78ED2C23155410005C74EC /* UIImage+AspectFit.swift in Sources */,
				9E78ED092314F62B005C74EC /* UIButton.swift in Sources */,
				9E78ED3623155410005C74EC /* ZoomAnimatedTransitioning.swift in Sources */,
				9E78ED1F23154A27005C74EC /* CustomLabel.swift in Sources */,
				9E78ED1123152FE7005C74EC /* ListViewController.swift in Sources */,
				9E78ED0E23150DC0005C74EC /* SignUpViewController.swift in Sources */,
				9E78ED3323155410005C74EC /* SwiftSupport.swift in Sources */,
				9E78ED0B2314F62B005C74EC /* UIStackView.swift in Sources */,
				9E78ED072314F62B005C74EC /* UIScrollView.swift in Sources */,
				9EB8D6252314EA2600F75076 /* AppDelegate.swift in Sources */,
				9E78ED082314F62B005C74EC /* UITextFeild.swift in Sources */,
				9E78ED3223155410005C74EC /* FullScreenSlideshowViewController.swift in Sources */,
				9E78ECF82314F5FE005C74EC /* Extension.swift in Sources */,
				9E78ED3023155410005C74EC /* ImageSlideshow.swift in Sources */,
			);
			runOnlyForDeploymentPostprocessing = 0;
		};
/* End PBXSourcesBuildPhase section */

/* Begin PBXVariantGroup section */
		9EB8D6302314EA4100F75076 /* LaunchScreen.storyboard */ = {
			isa = PBXVariantGroup;
			children = (
				9EB8D6312314EA4100F75076 /* Base */,
			);
			name = LaunchScreen.storyboard;
			sourceTree = "<group>";
		};
/* End PBXVariantGroup section */

/* Begin XCBuildConfiguration section */
		9EB8D6342314EA4100F75076 /* Debug */ = {
			isa = XCBuildConfiguration;
			buildSettings = {
				ALWAYS_SEARCH_USER_PATHS = NO;
				CLANG_ANALYZER_NONNULL = YES;
				CLANG_ANALYZER_NUMBER_OBJECT_CONVERSION = YES_AGGRESSIVE;
				CLANG_CXX_LANGUAGE_STANDARD = "gnu++14";
				CLANG_CXX_LIBRARY = "libc++";
				CLANG_ENABLE_MODULES = YES;
				CLANG_ENABLE_OBJC_ARC = YES;
				CLANG_ENABLE_OBJC_WEAK = YES;
				CLANG_WARN_BLOCK_CAPTURE_AUTORELEASING = YES;
				CLANG_WARN_BOOL_CONVERSION = YES;
				CLANG_WARN_COMMA = YES;
				CLANG_WARN_CONSTANT_CONVERSION = YES;
				CLANG_WARN_DEPRECATED_OBJC_IMPLEMENTATIONS = YES;
				CLANG_WARN_DIRECT_OBJC_ISA_USAGE = YES_ERROR;
				CLANG_WARN_DOCUMENTATION_COMMENTS = YES;
				CLANG_WARN_EMPTY_BODY = YES;
				CLANG_WARN_ENUM_CONVERSION = YES;
				CLANG_WARN_INFINITE_RECURSION = YES;
				CLANG_WARN_INT_CONVERSION = YES;
				CLANG_WARN_NON_LITERAL_NULL_CONVERSION = YES;
				CLANG_WARN_OBJC_IMPLICIT_RETAIN_SELF = YES;
				CLANG_WARN_OBJC_LITERAL_CONVERSION = YES;
				CLANG_WARN_OBJC_ROOT_CLASS = YES_ERROR;
				CLANG_WARN_RANGE_LOOP_ANALYSIS = YES;
				CLANG_WARN_STRICT_PROTOTYPES = YES;
				CLANG_WARN_SUSPICIOUS_MOVE = YES;
				CLANG_WARN_UNGUARDED_AVAILABILITY = YES_AGGRESSIVE;
				CLANG_WARN_UNREACHABLE_CODE = YES;
				CLANG_WARN__DUPLICATE_METHOD_MATCH = YES;
				CODE_SIGN_IDENTITY = "iPhone Developer";
				COPY_PHASE_STRIP = NO;
				DEBUG_INFORMATION_FORMAT = dwarf;
				ENABLE_STRICT_OBJC_MSGSEND = YES;
				ENABLE_TESTABILITY = YES;
				GCC_C_LANGUAGE_STANDARD = gnu11;
				GCC_DYNAMIC_NO_PIC = NO;
				GCC_NO_COMMON_BLOCKS = YES;
				GCC_OPTIMIZATION_LEVEL = 0;
				GCC_PREPROCESSOR_DEFINITIONS = (
					"DEBUG=1",
					"$(inherited)",
				);
				GCC_WARN_64_TO_32_BIT_CONVERSION = YES;
				GCC_WARN_ABOUT_RETURN_TYPE = YES_ERROR;
				GCC_WARN_UNDECLARED_SELECTOR = YES;
				GCC_WARN_UNINITIALIZED_AUTOS = YES_AGGRESSIVE;
				GCC_WARN_UNUSED_FUNCTION = YES;
				GCC_WARN_UNUSED_VARIABLE = YES;
				IPHONEOS_DEPLOYMENT_TARGET = 12.2;
				MTL_ENABLE_DEBUG_INFO = INCLUDE_SOURCE;
				MTL_FAST_MATH = YES;
				ONLY_ACTIVE_ARCH = YES;
				SDKROOT = iphoneos;
				SWIFT_ACTIVE_COMPILATION_CONDITIONS = DEBUG;
				SWIFT_OPTIMIZATION_LEVEL = "-Onone";
			};
			name = Debug;
		};
		9EB8D6352314EA4100F75076 /* Release */ = {
			isa = XCBuildConfiguration;
			buildSettings = {
				ALWAYS_SEARCH_USER_PATHS = NO;
				CLANG_ANALYZER_NONNULL = YES;
				CLANG_ANALYZER_NUMBER_OBJECT_CONVERSION = YES_AGGRESSIVE;
				CLANG_CXX_LANGUAGE_STANDARD = "gnu++14";
				CLANG_CXX_LIBRARY = "libc++";
				CLANG_ENABLE_MODULES = YES;
				CLANG_ENABLE_OBJC_ARC = YES;
				CLANG_ENABLE_OBJC_WEAK = YES;
				CLANG_WARN_BLOCK_CAPTURE_AUTORELEASING = YES;
				CLANG_WARN_BOOL_CONVERSION = YES;
				CLANG_WARN_COMMA = YES;
				CLANG_WARN_CONSTANT_CONVERSION = YES;
				CLANG_WARN_DEPRECATED_OBJC_IMPLEMENTATIONS = YES;
				CLANG_WARN_DIRECT_OBJC_ISA_USAGE = YES_ERROR;
				CLANG_WARN_DOCUMENTATION_COMMENTS = YES;
				CLANG_WARN_EMPTY_BODY = YES;
				CLANG_WARN_ENUM_CONVERSION = YES;
				CLANG_WARN_INFINITE_RECURSION = YES;
				CLANG_WARN_INT_CONVERSION = YES;
				CLANG_WARN_NON_LITERAL_NULL_CONVERSION = YES;
				CLANG_WARN_OBJC_IMPLICIT_RETAIN_SELF = YES;
				CLANG_WARN_OBJC_LITERAL_CONVERSION = YES;
				CLANG_WARN_OBJC_ROOT_CLASS = YES_ERROR;
				CLANG_WARN_RANGE_LOOP_ANALYSIS = YES;
				CLANG_WARN_STRICT_PROTOTYPES = YES;
				CLANG_WARN_SUSPICIOUS_MOVE = YES;
				CLANG_WARN_UNGUARDED_AVAILABILITY = YES_AGGRESSIVE;
				CLANG_WARN_UNREACHABLE_CODE = YES;
				CLANG_WARN__DUPLICATE_METHOD_MATCH = YES;
				CODE_SIGN_IDENTITY = "iPhone Developer";
				COPY_PHASE_STRIP = NO;
				DEBUG_INFORMATION_FORMAT = "dwarf-with-dsym";
				ENABLE_NS_ASSERTIONS = NO;
				ENABLE_STRICT_OBJC_MSGSEND = YES;
				GCC_C_LANGUAGE_STANDARD = gnu11;
				GCC_NO_COMMON_BLOCKS = YES;
				GCC_WARN_64_TO_32_BIT_CONVERSION = YES;
				GCC_WARN_ABOUT_RETURN_TYPE = YES_ERROR;
				GCC_WARN_UNDECLARED_SELECTOR = YES;
				GCC_WARN_UNINITIALIZED_AUTOS = YES_AGGRESSIVE;
				GCC_WARN_UNUSED_FUNCTION = YES;
				GCC_WARN_UNUSED_VARIABLE = YES;
				IPHONEOS_DEPLOYMENT_TARGET = 12.2;
				MTL_ENABLE_DEBUG_INFO = NO;
				MTL_FAST_MATH = YES;
				SDKROOT = iphoneos;
				SWIFT_COMPILATION_MODE = wholemodule;
				SWIFT_OPTIMIZATION_LEVEL = "-O";
				VALIDATE_PRODUCT = YES;
			};
			name = Release;
		};
		9EB8D6372314EA4100F75076 /* Debug */ = {
			isa = XCBuildConfiguration;
			baseConfigurationReference = B2F1C1CB6E34F5CF5D071139 /* Pods-orderFood.debug.xcconfig */;
			buildSettings = {
				ASSETCATALOG_COMPILER_APPICON_NAME = AppIcon;
				CODE_SIGN_STYLE = Automatic;
				DEVELOPMENT_TEAM = H2C4R2VE3A;
				INFOPLIST_FILE = orderFood/Info.plist;
				LD_RUNPATH_SEARCH_PATHS = (
					"$(inherited)",
					"@executable_path/Frameworks",
				);
				PRODUCT_BUNDLE_IDENTIFIER = Com.Project.orderFood;
				PRODUCT_NAME = "$(TARGET_NAME)";
				SWIFT_VERSION = 5.0;
				TARGETED_DEVICE_FAMILY = "1,2";
			};
			name = Debug;
		};
		9EB8D6382314EA4100F75076 /* Release */ = {
			isa = XCBuildConfiguration;
			baseConfigurationReference = 9E4016155CCDB7EC2FF45E65 /* Pods-orderFood.release.xcconfig */;
			buildSettings = {
				ASSETCATALOG_COMPILER_APPICON_NAME = AppIcon;
				CODE_SIGN_STYLE = Automatic;
				DEVELOPMENT_TEAM = H2C4R2VE3A;
				INFOPLIST_FILE = orderFood/Info.plist;
				LD_RUNPATH_SEARCH_PATHS = (
					"$(inherited)",
					"@executable_path/Frameworks",
				);
				PRODUCT_BUNDLE_IDENTIFIER = Com.Project.orderFood;
				PRODUCT_NAME = "$(TARGET_NAME)";
				SWIFT_VERSION = 5.0;
				TARGETED_DEVICE_FAMILY = "1,2";
			};
			name = Release;
		};
/* End XCBuildConfiguration section */

/* Begin XCConfigurationList section */
		9EB8D61C2314EA2600F75076 /* Build configuration list for PBXProject "orderFood" */ = {
			isa = XCConfigurationList;
			buildConfigurations = (
				9EB8D6342314EA4100F75076 /* Debug */,
				9EB8D6352314EA4100F75076 /* Release */,
			);
			defaultConfigurationIsVisible = 0;
			defaultConfigurationName = Release;
		};
		9EB8D6362314EA4100F75076 /* Build configuration list for PBXNativeTarget "orderFood" */ = {
			isa = XCConfigurationList;
			buildConfigurations = (
				9EB8D6372314EA4100F75076 /* Debug */,
				9EB8D6382314EA4100F75076 /* Release */,
			);
			defaultConfigurationIsVisible = 0;
			defaultConfigurationName = Release;
		};
/* End XCConfigurationList section */

/* Begin XCVersionGroup section */
		9EB8D62B2314EA2600F75076 /* orderFood.xcdatamodeld */ = {
			isa = XCVersionGroup;
			children = (
				9EB8D62C2314EA2600F75076 /* orderFood.xcdatamodel */,
			);
			currentVersion = 9EB8D62C2314EA2600F75076 /* orderFood.xcdatamodel */;
			path = orderFood.xcdatamodeld;
			sourceTree = "<group>";
			versionGroupType = wrapper.xcdatamodel;
		};
/* End XCVersionGroup section */
	};
	rootObject = 9EB8D6192314EA2600F75076 /* Project object */;
}
